{
  "name": "InvestmentTool",
  "version": "1.0.0",
  "lockfileVersion": 1,
  "requires": true,
  "dependencies": {
    "@babel/runtime": {
      "version": "7.14.6",
      "resolved": "http://10.100.1.25:4873/@babel%2fruntime/-/runtime-7.14.6.tgz",
      "integrity": "sha1-U1IDvAiS78fexgvcJ7Ls9uQJBi0=",
      "requires": {
        "regenerator-runtime": "^0.13.4"
      }
    },
    "complex.js": {
      "version": "2.0.15",
      "resolved": "http://10.100.1.25:4873/complex.js/-/complex.js-2.0.15.tgz",
      "integrity": "sha1-et1oSLTB0SqpJi99+SXr56UadAY="
    },
    "decimal.js": {
      "version": "10.3.1",
      "resolved": "http://10.100.1.25:4873/decimal.js/-/decimal.js-10.3.1.tgz",
      "integrity": "sha1-2MOkRKnGd0umDKatcmHDqU/V54M="
    },
    "escape-latex": {
      "version": "1.2.0",
      "resolved": "http://10.100.1.25:4873/escape-latex/-/escape-latex-1.2.0.tgz",
      "integrity": "sha1-B8A4GM99rCUMzlF/T9obAB7yvKE="
    },
    "fraction.js": {
      "version": "4.1.1",
      "resolved": "http://10.100.1.25:4873/fraction.js/-/fraction.js-4.1.1.tgz",
      "integrity": "sha1-rE5SBHPa5nAS1hiquR7aCby0AP8="
    },
    "javascript-natural-sort": {
      "version": "0.7.1",
      "resolved": "http://10.100.1.25:4873/javascript-natural-sort/-/javascript-natural-sort-0.7.1.tgz",
      "integrity": "sha1-+eIwPUUH9tdDVac2ZNFED7Wg71k="
    },
    "mathjs": {
      "version": "9.4.4",
      "resolved": "http://10.100.1.25:4873/mathjs/-/mathjs-9.4.4.tgz",
      "integrity": "sha1-KazWdWPB5yCRAhMGKCTD+vYbyFg=",
      "requires": {
        "@babel/runtime": "^7.14.6",
        "complex.js": "^2.0.15",
        "decimal.js": "^10.3.1",
        "escape-latex": "^1.2.0",
        "fraction.js": "^4.1.1",
        "javascript-natural-sort": "^0.7.1",
        "seedrandom": "^3.0.5",
        "tiny-emitter": "^2.1.0",
        "typed-function": "^2.0.0"
      }
    },
    "regenerator-runtime": {
      "version": "0.13.7",
      "resolved": "http://10.100.1.25:4873/regenerator-runtime/-/regenerator-runtime-0.13.7.tgz",
      "integrity": "sha1-ysLazIoepnX+qrrriugziYrkb1U="
    },
    "seedrandom": {
      "version": "3.0.5",
      "resolved": "http://10.100.1.25:4873/seedrandom/-/seedrandom-3.0.5.tgz",
      "integrity": "sha1-VO3IXJUiJSWwx6b2s1Q9jgs6oKc="
    },
    "tiny-emitter": {
      "version": "2.1.0",
      "resolved": "http://10.100.1.25:4873/tiny-emitter/-/tiny-emitter-2.1.0.tgz",
      "integrity": "sha1-HRpW7fxRxD6GPLtTgqcjMONVVCM="
    },
    "typed-function": {
      "version": "2.0.0",
      "resolved": "http://10.100.1.25:4873/typed-function/-/typed-function-2.0.0.tgz",
      "integrity": "sha1-Fas4JYRROKixETvYnmDNakNXOeg="
    }
  }
}
